
Microsoft Visual Studio Solution File, Format Version 12.00
# Visual Studio Version 17
VisualStudioVersion = 17.0.31903.59
MinimumVisualStudioVersion = 10.0.40219.1
Project("{FAE04EC0-301F-11D3-BF4B-00C04F79EFBC}") = "AdventOfCode2024", "AdventOfCode2024\AdventOfCode2024.csproj", "{59A0A682-18E8-4CC5-A67F-B47D713AB142}"
EndProject
Project("{FAE04EC0-301F-11D3-BF4B-00C04F79EFBC}") = "AdventOfCode2024.Tests", "AdventOfCode2024.Tests\AdventOfCode2024.Tests.csproj", "{4B1E7B51-B407-42C6-B9F8-144378C40EEA}"
EndProject
Global
	GlobalSection(SolutionConfigurationPlatforms) = preSolution
		Debug|Any CPU = Debug|Any CPU
		Release|Any CPU = Release|Any CPU
	EndGlobalSection
	GlobalSection(SolutionProperties) = preSolution
		HideSolutionNode = FALSE
	EndGlobalSection
	GlobalSection(ProjectConfigurationPlatforms) = postSolution
		{59A0A682-18E8-4CC5-A67F-B47D713AB142}.Debug|Any CPU.ActiveCfg = Debug|Any CPU
		{59A0A682-18E8-4CC5-A67F-B47D713AB142}.Debug|Any CPU.Build.0 = Debug|Any CPU
		{59A0A682-18E8-4CC5-A67F-B47D713AB142}.Release|Any CPU.ActiveCfg = Release|Any CPU
		{59A0A682-18E8-4CC5-A67F-B47D713AB142}.Release|Any CPU.Build.0 = Release|Any CPU
		{4B1E7B51-B407-42C6-B9F8-144378C40EEA}.Debug|Any CPU.ActiveCfg = Debug|Any CPU
		{4B1E7B51-B407-42C6-B9F8-144378C40EEA}.Debug|Any CPU.Build.0 = Debug|Any CPU
		{4B1E7B51-B407-42C6-B9F8-144378C40EEA}.Release|Any CPU.ActiveCfg = Release|Any CPU
		{4B1E7B51-B407-42C6-B9F8-144378C40EEA}.Release|Any CPU.Build.0 = Release|Any CPU
	EndGlobalSection
EndGlobal
